
Microsoft Visual Studio Solution File, Format Version 12.00
# Visual Studio 15
VisualStudioVersion = 15.0.27130.2026
MinimumVisualStudioVersion = 10.0.40219.1
Project("{FAE04EC0-301F-11D3-BF4B-00C04F79EFBC}") = "ShellReplacement", "ShellReplacement\ShellReplacement.csproj", "{B31ABB75-BBA4-4AB1-ABD6-15B8B66DCBFE}"
EndProject
Global
	GlobalSection(SolutionConfigurationPlatforms) = preSolution
		Debug|Any CPU = Debug|Any CPU
		Release|Any CPU = Release|Any CPU
	EndGlobalSection
	GlobalSection(ProjectConfigurationPlatforms) = postSolution
		{B31ABB75-BBA4-4AB1-ABD6-15B8B66DCBFE}.Debug|Any CPU.ActiveCfg = Debug|Any CPU
		{B31ABB75-BBA4-4AB1-ABD6-15B8B66DCBFE}.Debug|Any CPU.Build.0 = Debug|Any CPU
		{B31ABB75-BBA4-4AB1-ABD6-15B8B66DCBFE}.Release|Any CPU.ActiveCfg = Release|Any CPU
		{B31ABB75-BBA4-4AB1-ABD6-15B8B66DCBFE}.Release|Any CPU.Build.0 = Release|Any CPU
	EndGlobalSection
	GlobalSection(SolutionProperties) = preSolution
		HideSolutionNode = FALSE
	EndGlobalSection
	GlobalSection(ExtensibilityGlobals) = postSolution
		SolutionGuid = {4E7B588B-E70A-43F5-899B-4D6F1B513E10}
	EndGlobalSection
EndGlobal
